# This file is automatically @generated by Cargo.
# It is not intended for manual editing.
version = 4

[[package]]
name = "cache-controller"
version = "0.1.0"

[[package]]
name = "cpu-pipeline"
version = "0.1.0"
dependencies = [
 "cache-controller",
]

[[package]]
name = "sistema-integrado"
version = "0.1.0"
dependencies = [
 "cache-controller",
 "cpu-pipeline",
]
